
Microsoft Visual Studio Solution File, Format Version 12.00
# Visual Studio 15
VisualStudioVersion = 15.0.28010.2026
MinimumVisualStudioVersion = 10.0.40219.1
Project("{FAE04EC0-301F-11D3-BF4B-00C04F79EFBC}") = "ConVoyeur.Web", "ConVoyeur.Web\ConVoyeur.Web.csproj", "{CA76B067-1516-4F82-8D28-1329E30035F5}"
EndProject
Global
	GlobalSection(SolutionConfigurationPlatforms) = preSolution
		Debug|Any CPU = Debug|Any CPU
		Release|Any CPU = Release|Any CPU
	EndGlobalSection
	GlobalSection(ProjectConfigurationPlatforms) = postSolution
		{CA76B067-1516-4F82-8D28-1329E30035F5}.Debug|Any CPU.ActiveCfg = Debug|Any CPU
		{CA76B067-1516-4F82-8D28-1329E30035F5}.Debug|Any CPU.Build.0 = Debug|Any CPU
		{CA76B067-1516-4F82-8D28-1329E30035F5}.Release|Any CPU.ActiveCfg = Release|Any CPU
		{CA76B067-1516-4F82-8D28-1329E30035F5}.Release|Any CPU.Build.0 = Release|Any CPU
	EndGlobalSection
	GlobalSection(SolutionProperties) = preSolution
		HideSolutionNode = FALSE
	EndGlobalSection
	GlobalSection(ExtensibilityGlobals) = postSolution
		SolutionGuid = {1AE0F39B-8ACA-435A-831F-1BCC0D4BD7FE}
	EndGlobalSection
EndGlobal
